
Microsoft Visual Studio Solution File, Format Version 12.00
# Visual Studio Version 17
VisualStudioVersion = 17.8.34525.116
MinimumVisualStudioVersion = 10.0.40219.1
Project("{FAE04EC0-301F-11D3-BF4B-00C04F79EFBC}") = "ClothPatternGrouping", "ClothPatternGrouping\ClothPatternGrouping.csproj", "{F27C566A-1991-4E15-84B0-226ABD624EA6}"
EndProject
Global
	GlobalSection(SolutionConfigurationPlatforms) = preSolution
		Debug|Any CPU = Debug|Any CPU
		Release|Any CPU = Release|Any CPU
	EndGlobalSection
	GlobalSection(ProjectConfigurationPlatforms) = postSolution
		{F27C566A-1991-4E15-84B0-226ABD624EA6}.Debug|Any CPU.ActiveCfg = Debug|Any CPU
		{F27C566A-1991-4E15-84B0-226ABD624EA6}.Debug|Any CPU.Build.0 = Debug|Any CPU
		{F27C566A-1991-4E15-84B0-226ABD624EA6}.Release|Any CPU.ActiveCfg = Release|Any CPU
		{F27C566A-1991-4E15-84B0-226ABD624EA6}.Release|Any CPU.Build.0 = Release|Any CPU
	EndGlobalSection
	GlobalSection(SolutionProperties) = preSolution
		HideSolutionNode = FALSE
	EndGlobalSection
	GlobalSection(ExtensibilityGlobals) = postSolution
		SolutionGuid = {8C0848C0-2574-4EDE-A096-D0A5EDE1C3C6}
	EndGlobalSection
EndGlobal
